Microsoft Visual Studio Solution File, Format Version 12.00
# Visual Studio Version 17
VisualStudioVersion = 17.5.2.0
MinimumVisualStudioVersion = 10.0.40219.1
Project("{2150E333-8FDC-42A3-9474-1A3956D46DE8}") = "tools", "tools", "{07C2787E-EAC7-C090-1BA3-A61EC2A24D84}"
EndProject
Project("{FAE04EC0-301F-11D3-BF4B-00C04F79EFBC}") = "AstExporter", "tools\api_exporter\AstExporter.csproj", "{7A9FC3A8-819B-0B52-F02D-F64AD078E818}"
EndProject
Global
	GlobalSection(SolutionConfigurationPlatforms) = preSolution
		Debug|Any CPU = Debug|Any CPU
		Release|Any CPU = Release|Any CPU
	EndGlobalSection
	GlobalSection(ProjectConfigurationPlatforms) = postSolution
		{7A9FC3A8-819B-0B52-F02D-F64AD078E818}.Debug|Any CPU.ActiveCfg = Debug|Any CPU
		{7A9FC3A8-819B-0B52-F02D-F64AD078E818}.Debug|Any CPU.Build.0 = Debug|Any CPU
		{7A9FC3A8-819B-0B52-F02D-F64AD078E818}.Release|Any CPU.ActiveCfg = Release|Any CPU
		{7A9FC3A8-819B-0B52-F02D-F64AD078E818}.Release|Any CPU.Build.0 = Release|Any CPU
	EndGlobalSection
	GlobalSection(SolutionProperties) = preSolution
		HideSolutionNode = FALSE
	EndGlobalSection
	GlobalSection(NestedProjects) = preSolution
		{7A9FC3A8-819B-0B52-F02D-F64AD078E818} = {07C2787E-EAC7-C090-1BA3-A61EC2A24D84}
	EndGlobalSection
	GlobalSection(ExtensibilityGlobals) = postSolution
		SolutionGuid = {F8D8F748-803F-4F19-8A83-F07F52C8D332}
	EndGlobalSection
EndGlobal
